
Microsoft Visual Studio Solution File, Format Version 12.00
# Visual Studio Version 17
VisualStudioVersion = 17.0.31912.275
MinimumVisualStudioVersion = 10.0.40219.1
Project("{888888A0-9F3D-457C-B088-3A5042F75D52}") = "FRemover", "FRemover\FRemover.pyproj", "{0416A19D-47ED-49A6-AA1C-C5893281901C}"
EndProject
Global
	GlobalSection(SolutionConfigurationPlatforms) = preSolution
		Debug|Any CPU = Debug|Any CPU
		Release|Any CPU = Release|Any CPU
	EndGlobalSection
	GlobalSection(ProjectConfigurationPlatforms) = postSolution
		{0416A19D-47ED-49A6-AA1C-C5893281901C}.Debug|Any CPU.ActiveCfg = Debug|Any CPU
		{0416A19D-47ED-49A6-AA1C-C5893281901C}.Release|Any CPU.ActiveCfg = Release|Any CPU
	EndGlobalSection
	GlobalSection(SolutionProperties) = preSolution
		HideSolutionNode = FALSE
	EndGlobalSection
	GlobalSection(ExtensibilityGlobals) = postSolution
		SolutionGuid = {DBE2228B-4955-42FB-9C19-26DFF2A577B9}
	EndGlobalSection
EndGlobal
